// !$*UTF8*$!
{
	archiveVersion = 1;
	classes = {
	};
	objectVersion = 50;
	objects = {

/* Begin PBXBuildFile section */
		84BE1081255DA41800D87D59 /* AppDelegate.swift in Sources */ = {isa = PBXBuildFile; fileRef = 84BE1080255DA41800D87D59 /* AppDelegate.swift */; };
		84BE1083255DA41800D87D59 /* SceneDelegate.swift in Sources */ = {isa = PBXBuildFile; fileRef = 84BE1082255DA41800D87D59 /* SceneDelegate.swift */; };
		84BE1088255DA41800D87D59 /* Main.storyboard in Resources */ = {isa = PBXBuildFile; fileRef = 84BE1086255DA41800D87D59 /* Main.storyboard */; };
		84BE108A255DA42000D87D59 /* Assets.xcassets in Resources */ = {isa = PBXBuildFile; fileRef = 84BE1089255DA42000D87D59 /* Assets.xcassets */; };
		84BE108D255DA42000D87D59 /* LaunchScreen.storyboard in Resources */ = {isa = PBXBuildFile; fileRef = 84BE108B255DA42000D87D59 /* LaunchScreen.storyboard */; };
		84BE1098255DA42000D87D59 /* FetchExerciseTests.swift in Sources */ = {isa = PBXBuildFile; fileRef = 84BE1097255DA42000D87D59 /* FetchExerciseTests.swift */; };
		84BE10A3255DA42100D87D59 /* FetchExerciseUITests.swift in Sources */ = {isa = PBXBuildFile; fileRef = 84BE10A2255DA42100D87D59 /* FetchExerciseUITests.swift */; };
		84BE10B4255DA82F00D87D59 /* FetchClient.swift in Sources */ = {isa = PBXBuildFile; fileRef = 84BE10B3255DA82F00D87D59 /* FetchClient.swift */; };
		84BE10B9255DAABC00D87D59 /* MainViewController.swift in Sources */ = {isa = PBXBuildFile; fileRef = 84BE10B8255DAABC00D87D59 /* MainViewController.swift */; };
		84BE10BE255DACE100D87D59 /* MainTableViewCell.swift in Sources */ = {isa = PBXBuildFile; fileRef = 84BE10BD255DACE100D87D59 /* MainTableViewCell.swift */; };
/* End PBXBuildFile section */

/* Begin PBXContainerItemProxy section */
		84BE1094255DA42000D87D59 /* PBXContainerItemProxy */ = {
			isa = PBXContainerItemProxy;
			containerPortal = 84BE1075255DA41800D87D59 /* Project object */;
			proxyType = 1;
			remoteGlobalIDString = 84BE107C255DA41800D87D59;
			remoteInfo = FetchExercise;
		};
		84BE109F255DA42000D87D59 /* PBXContainerItemProxy */ = {
			isa = PBXContainerItemProxy;
			containerPortal = 84BE1075255DA41800D87D59 /* Project object */;
			proxyType = 1;
			remoteGlobalIDString = 84BE107C255DA41800D87D59;
			remoteInfo = FetchExercise;
		};
/* End PBXContainerItemProxy section */

/* Begin PBXFileReference section */
		84BE107D255DA41800D87D59 /* FetchExercise.app */ = {isa = PBXFileReference; explicitFileType = wrapper.application; includeInIndex = 0; path = FetchExercise.app; sourceTree = BUILT_PRODUCTS_DIR; };
		84BE1080255DA41800D87D59 /* AppDelegate.swift */ = {isa = PBXFileReference; lastKnownFileType = sourcecode.swift; path = AppDelegate.swift; sourceTree = "<group>"; };
		84BE1082255DA41800D87D59 /* SceneDelegate.swift */ = {isa = PBXFileReference; lastKnownFileType = sourcecode.swift; path = SceneDelegate.swift; sourceTree = "<group>"; };
		84BE1087255DA41800D87D59 /* Base */ = {isa = PBXFileReference; lastKnownFileType = file.storyboard; name = Base; path = Base.lproj/Main.storyboard; sourceTree = "<group>"; };
		84BE1089255DA42000D87D59 /* Assets.xcassets */ = {isa = PBXFileReference; lastKnownFileType = folder.assetcatalog; path = Assets.xcassets; sourceTree = "<group>"; };
		84BE108C255DA42000D87D59 /* Base */ = {isa = PBXFileReference; lastKnownFileType = file.storyboard; name = Base; path = Base.lproj/LaunchScreen.storyboard; sourceTree = "<group>"; };
		84BE108E255DA42000D87D59 /* Info.plist */ = {isa = PBXFileReference; lastKnownFileType = text.plist.xml; path = Info.plist; sourceTree = "<group>"; };
		84BE1093255DA42000D87D59 /* FetchExerciseTests.xctest */ = {isa = PBXFileReference; explicitFileType = wrapper.cfbundle; includeInIndex = 0; path = FetchExerciseTests.xctest; sourceTree = BUILT_PRODUCTS_DIR; };
		84BE1097255DA42000D87D59 /* FetchExerciseTests.swift */ = {isa = PBXFileReference; lastKnownFileType = sourcecode.swift; path = FetchExerciseTests.swift; sourceTree = "<group>"; };
		84BE1099255DA42000D87D59 /* Info.plist */ = {isa = PBXFileReference; lastKnownFileType = text.plist.xml; path = Info.plist; sourceTree = "<group>"; };
		84BE109E255DA42000D87D59 /* FetchExerciseUITests.xctest */ = {isa = PBXFileReference; explicitFileType = wrapper.cfbundle; includeInIndex = 0; path = FetchExerciseUITests.xctest; sourceTree = BUILT_PRODUCTS_DIR; };
		84BE10A2255DA42100D87D59 /* FetchExerciseUITests.swift */ = {isa = PBXFileReference; lastKnownFileType = sourcecode.swift; path = FetchExerciseUITests.swift; sourceTree = "<group>"; };
		84BE10A4255DA42100D87D59 /* Info.plist */ = {isa = PBXFileReference; lastKnownFileType = text.plist.xml; path = Info.plist; sourceTree = "<group>"; };
		84BE10B3255DA82F00D87D59 /* FetchClient.swift */ = {isa = PBXFileReference; lastKnownFileType = sourcecode.swift; path = FetchClient.swift; sourceTree = "<group>"; };
		84BE10B8255DAABC00D87D59 /* MainViewController.swift */ = {isa = PBXFileReference; lastKnownFileType = sourcecode.swift; path = MainViewController.swift; sourceTree = "<group>"; };
		84BE10BD255DACE100D87D59 /* MainTableViewCell.swift */ = {isa = PBXFileReference; lastKnownFileType = sourcecode.swift; path = MainTableViewCell.swift; sourceTree = "<group>"; };
/* End PBXFileReference section */

/* Begin PBXFrameworksBuildPhase section */
		84BE107A255DA41800D87D59 /* Frameworks */ = {
			isa = PBXFrameworksBuildPhase;
			buildActionMask = 2147483647;
			files = (
			);
			runOnlyForDeploymentPostprocessing = 0;
		};
		84BE1090255DA42000D87D59 /* Frameworks */ = {
			isa = PBXFrameworksBuildPhase;
			buildActionMask = 2147483647;
			files = (
			);
			runOnlyForDeploymentPostprocessing = 0;
		};
		84BE109B255DA42000D87D59 /* Frameworks */ = {
			isa = PBXFrameworksBuildPhase;
			buildActionMask = 2147483647;
			files = (
			);
			runOnlyForDeploymentPostprocessing = 0;
		};
/* End PBXFrameworksBuildPhase section */

/* Begin PBXGroup section */
		84BE1074255DA41800D87D59 = {
			isa = PBXGroup;
			children = (
				84BE107F255DA41800D87D59 /* FetchExercise */,
				84BE1096255DA42000D87D59 /* FetchExerciseTests */,
				84BE10A1255DA42000D87D59 /* FetchExerciseUITests */,
				84BE107E255DA41800D87D59 /* Products */,
			);
			sourceTree = "<group>";
		};
		84BE107E255DA41800D87D59 /* Products */ = {
			isa = PBXGroup;
			children = (
				84BE107D255DA41800D87D59 /* FetchExercise.app */,
				84BE1093255DA42000D87D59 /* FetchExerciseTests.xctest */,
				84BE109E255DA42000D87D59 /* FetchExerciseUITests.xctest */,
			);
			name = Products;
			sourceTree = "<group>";
		};
		84BE107F255DA41800D87D59 /* FetchExercise */ = {
			isa = PBXGroup;
			children = (
				84BE1080255DA41800D87D59 /* AppDelegate.swift */,
				84BE1082255DA41800D87D59 /* SceneDelegate.swift */,
				84BE1086255DA41800D87D59 /* Main.storyboard */,
				84BE1089255DA42000D87D59 /* Assets.xcassets */,
				84BE108B255DA42000D87D59 /* LaunchScreen.storyboard */,
				84BE108E255DA42000D87D59 /* Info.plist */,
				84BE10C2255DC71A00D87D59 /* Main */,
			);
			path = FetchExercise;
			sourceTree = "<group>";
		};
		84BE1096255DA42000D87D59 /* FetchExerciseTests */ = {
			isa = PBXGroup;
			children = (
				84BE1097255DA42000D87D59 /* FetchExerciseTests.swift */,
				84BE1099255DA42000D87D59 /* Info.plist */,
			);
			path = FetchExerciseTests;
			sourceTree = "<group>";
		};
		84BE10A1255DA42000D87D59 /* FetchExerciseUITests */ = {
			isa = PBXGroup;
			children = (
				84BE10A2255DA42100D87D59 /* FetchExerciseUITests.swift */,
				84BE10A4255DA42100D87D59 /* Info.plist */,
			);
			path = FetchExerciseUITests;
			sourceTree = "<group>";
		};
		84BE10C2255DC71A00D87D59 /* Main */ = {
			isa = PBXGroup;
			children = (
				84BE10B3255DA82F00D87D59 /* FetchClient.swift */,
				84BE10B8255DAABC00D87D59 /* MainViewController.swift */,
				84BE10BD255DACE100D87D59 /* MainTableViewCell.swift */,
			);
			path = Main;
			sourceTree = "<group>";
		};
/* End PBXGroup section */

/* Begin PBXNativeTarget section */
		84BE107C255DA41800D87D59 /* FetchExercise */ = {
			isa = PBXNativeTarget;
			buildConfigurationList = 84BE10A7255DA42100D87D59 /* Build configuration list for PBXNativeTarget "FetchExercise" */;
			buildPhases = (
				84BE1079255DA41800D87D59 /* Sources */,
				84BE107A255DA41800D87D59 /* Frameworks */,
				84BE107B255DA41800D87D59 /* Resources */,
			);
			buildRules = (
			);
			dependencies = (
			);
			name = FetchExercise;
			productName = FetchExercise;
			productReference = 84BE107D255DA41800D87D59 /* FetchExercise.app */;
			productType = "com.apple.product-type.application";
		};
		84BE1092255DA42000D87D59 /* FetchExerciseTests */ = {
			isa = PBXNativeTarget;
			buildConfigurationList = 84BE10AA255DA42100D87D59 /* Build configuration list for PBXNativeTarget "FetchExerciseTests" */;
			buildPhases = (
				84BE108F255DA42000D87D59 /* Sources */,
				84BE1090255DA42000D87D59 /* Frameworks */,
				84BE1091255DA42000D87D59 /* Resources */,
			);
			buildRules = (
			);
			dependencies = (
				84BE1095255DA42000D87D59 /* PBXTargetDependency */,
			);
			name = FetchExerciseTests;
			productName = FetchExerciseTests;
			productReference = 84BE1093255DA42000D87D59 /* FetchExerciseTests.xctest */;
			productType = "com.apple.product-type.bundle.unit-test";
		};
		84BE109D255DA42000D87D59 /* FetchExerciseUITests */ = {
			isa = PBXNativeTarget;
			buildConfigurationList = 84BE10AD255DA42100D87D59 /* Build configuration list for PBXNativeTarget "FetchExerciseUITests" */;
			buildPhases = (
				84BE109A255DA42000D87D59 /* Sources */,
				84BE109B255DA42000D87D59 /* Frameworks */,
				84BE109C255DA42000D87D59 /* Resources */,
			);
			buildRules = (
			);
			dependencies = (
				84BE10A0255DA42000D87D59 /* PBXTargetDependency */,
			);
			name = FetchExerciseUITests;
			productName = FetchExerciseUITests;
			productReference = 84BE109E255DA42000D87D59 /* FetchExerciseUITests.xctest */;
			productType = "com.apple.product-type.bundle.ui-testing";
		};
/* End PBXNativeTarget section */

/* Begin PBXProject section */
		84BE1075255DA41800D87D59 /* Project object */ = {
			isa = PBXProject;
			attributes = {
				LastSwiftUpdateCheck = 1210;
				LastUpgradeCheck = 1210;
				TargetAttributes = {
					84BE107C255DA41800D87D59 = {
						CreatedOnToolsVersion = 12.1;
					};
					84BE1092255DA42000D87D59 = {
						CreatedOnToolsVersion = 12.1;
						TestTargetID = 84BE107C255DA41800D87D59;
					};
					84BE109D255DA42000D87D59 = {
						CreatedOnToolsVersion = 12.1;
						TestTargetID = 84BE107C255DA41800D87D59;
					};
				};
			};
			buildConfigurationList = 84BE1078255DA41800D87D59 /* Build configuration list for PBXProject "FetchExercise" */;
			compatibilityVersion = "Xcode 9.3";
			developmentRegion = en;
			hasScannedForEncodings = 0;
			knownRegions = (
				en,
				Base,
			);
			mainGroup = 84BE1074255DA41800D87D59;
			productRefGroup = 84BE107E255DA41800D87D59 /* Products */;
			projectDirPath = "";
			projectRoot = "";
			targets = (
				84BE107C255DA41800D87D59 /* FetchExercise */,
				84BE1092255DA42000D87D59 /* FetchExerciseTests */,
				84BE109D255DA42000D87D59 /* FetchExerciseUITests */,
			);
		};
/* End PBXProject section */

/* Begin PBXResourcesBuildPhase section */
		84BE107B255DA41800D87D59 /* Resources */ = {
			isa = PBXResourcesBuildPhase;
			buildActionMask = 2147483647;
			files = (
				84BE108D255DA42000D87D59 /* LaunchScreen.storyboard in Resources */,
				84BE108A255DA42000D87D59 /* Assets.xcassets in Resources */,
				84BE1088255DA41800D87D59 /* Main.storyboard in Resources */,
			);
			runOnlyForDeploymentPostprocessing = 0;
		};
		84BE1091255DA42000D87D59 /* Resources */ = {
			isa = PBXResourcesBuildPhase;
			buildActionMask = 2147483647;
			files = (
			);
			runOnlyForDeploymentPostprocessing = 0;
		};
		84BE109C255DA42000D87D59 /* Resources */ = {
			isa = PBXResourcesBuildPhase;
			buildActionMask = 2147483647;
			files = (
			);
			runOnlyForDeploymentPostprocessing = 0;
		};
/* End PBXResourcesBuildPhase section */

/* Begin PBXSourcesBuildPhase section */
		84BE1079255DA41800D87D59 /* Sources */ = {
			isa = PBXSourcesBuildPhase;
			buildActionMask = 2147483647;
			files = (
				84BE10B4255DA82F00D87D59 /* FetchClient.swift in Sources */,
				84BE1081255DA41800D87D59 /* AppDelegate.swift in Sources */,
				84BE1083255DA41800D87D59 /* SceneDelegate.swift in Sources */,
				84BE10BE255DACE100D87D59 /* MainTableViewCell.swift in Sources */,
				84BE10B9255DAABC00D87D59 /* MainViewController.swift in Sources */,
			);
			runOnlyForDeploymentPostprocessing = 0;
		};
		84BE108F255DA42000D87D59 /* Sources */ = {
			isa = PBXSourcesBuildPhase;
			buildActionMask = 2147483647;
			files = (
				84BE1098255DA42000D87D59 /* FetchExerciseTests.swift in Sources */,
			);
			runOnlyForDeploymentPostprocessing = 0;
		};
		84BE109A255DA42000D87D59 /* Sources */ = {
			isa = PBXSourcesBuildPhase;
			buildActionMask = 2147483647;
			files = (
				84BE10A3255DA42100D87D59 /* FetchExerciseUITests.swift in Sources */,
			);
			runOnlyForDeploymentPostprocessing = 0;
		};
/* End PBXSourcesBuildPhase section */

/* Begin PBXTargetDependency section */
		84BE1095255DA42000D87D59 /* PBXTargetDependency */ = {
			isa = PBXTargetDependency;
			target = 84BE107C255DA41800D87D59 /* FetchExercise */;
			targetProxy = 84BE1094255DA42000D87D59 /* PBXContainerItemProxy */;
		};
		84BE10A0255DA42000D87D59 /* PBXTargetDependency */ = {
			isa = PBXTargetDependency;
			target = 84BE107C255DA41800D87D59 /* FetchExercise */;
			targetProxy = 84BE109F255DA42000D87D59 /* PBXContainerItemProxy */;
		};
/* End PBXTargetDependency section */

/* Begin PBXVariantGroup section */
		84BE1086255DA41800D87D59 /* Main.storyboard */ = {
			isa = PBXVariantGroup;
			children = (
				84BE1087255DA41800D87D59 /* Base */,
			);
			name = Main.storyboard;
			sourceTree = "<group>";
		};
		84BE108B255DA42000D87D59 /* LaunchScreen.storyboard */ = {
			isa = PBXVariantGroup;
			children = (
				84BE108C255DA42000D87D59 /* Base */,
			);
			name = LaunchScreen.storyboard;
			sourceTree = "<group>";
		};
/* End PBXVariantGroup section */

/* Begin XCBuildConfiguration section */
		84BE10A5255DA42100D87D59 /* Debug */ = {
			isa = XCBuildConfiguration;
			buildSettings = {
				ALWAYS_SEARCH_USER_PATHS = NO;
				CLANG_ANALYZER_NONNULL = YES;
				CLANG_ANALYZER_NUMBER_OBJECT_CONVERSION = YES_AGGRESSIVE;
				CLANG_CXX_LANGUAGE_STANDARD = "gnu++14";
				CLANG_CXX_LIBRARY = "libc++";
				CLANG_ENABLE_MODULES = YES;
				CLANG_ENABLE_OBJC_ARC = YES;
				CLANG_ENABLE_OBJC_WEAK = YES;
				CLANG_WARN_BLOCK_CAPTURE_AUTORELEASING = YES;
				CLANG_WARN_BOOL_CONVERSION = YES;
				CLANG_WARN_COMMA = YES;
				CLANG_WARN_CONSTANT_CONVERSION = YES;
				CLANG_WARN_DEPRECATED_OBJC_IMPLEMENTATIONS = YES;
				CLANG_WARN_DIRECT_OBJC_ISA_USAGE = YES_ERROR;
				CLANG_WARN_DOCUMENTATION_COMMENTS = YES;
				CLANG_WARN_EMPTY_BODY = YES;
				CLANG_WARN_ENUM_CONVERSION = YES;
				CLANG_WARN_INFINITE_RECURSION = YES;
				CLANG_WARN_INT_CONVERSION = YES;
				CLANG_WARN_NON_LITERAL_NULL_CONVERSION = YES;
				CLANG_WARN_OBJC_IMPLICIT_RETAIN_SELF = YES;
				CLANG_WARN_OBJC_LITERAL_CONVERSION = YES;
				CLANG_WARN_OBJC_ROOT_CLASS = YES_ERROR;
				CLANG_WARN_QUOTED_INCLUDE_IN_FRAMEWORK_HEADER = YES;
				CLANG_WARN_RANGE_LOOP_ANALYSIS = YES;
				CLANG_WARN_STRICT_PROTOTYPES = YES;
				CLANG_WARN_SUSPICIOUS_MOVE = YES;
				CLANG_WARN_UNGUARDED_AVAILABILITY = YES_AGGRESSIVE;
				CLANG_WARN_UNREACHABLE_CODE = YES;
				CLANG_WARN__DUPLICATE_METHOD_MATCH = YES;
				COPY_PHASE_STRIP = NO;
				DEBUG_INFORMATION_FORMAT = dwarf;
				ENABLE_STRICT_OBJC_MSGSEND = YES;
				ENABLE_TESTABILITY = YES;
				GCC_C_LANGUAGE_STANDARD = gnu11;
				GCC_DYNAMIC_NO_PIC = NO;
				GCC_NO_COMMON_BLOCKS = YES;
				GCC_OPTIMIZATION_LEVEL = 0;
				GCC_PREPROCESSOR_DEFINITIONS = (
					"DEBUG=1",
					"$(inherited)",
				);
				GCC_WARN_64_TO_32_BIT_CONVERSION = YES;
				GCC_WARN_ABOUT_RETURN_TYPE = YES_ERROR;
				GCC_WARN_UNDECLARED_SELECTOR = YES;
				GCC_WARN_UNINITIALIZED_AUTOS = YES_AGGRESSIVE;
				GCC_WARN_UNUSED_FUNCTION = YES;
				GCC_WARN_UNUSED_VARIABLE = YES;
				IPHONEOS_DEPLOYMENT_TARGET = 14.1;
				MTL_ENABLE_DEBUG_INFO = INCLUDE_SOURCE;
				MTL_FAST_MATH = YES;
				ONLY_ACTIVE_ARCH = YES;
				SDKROOT = iphoneos;
				SWIFT_ACTIVE_COMPILATION_CONDITIONS = DEBUG;
				SWIFT_OPTIMIZATION_LEVEL = "-Onone";
			};
			name = Debug;
		};
		84BE10A6255DA42100D87D59 /* Release */ = {
			isa = XCBuildConfiguration;
			buildSettings = {
				ALWAYS_SEARCH_USER_PATHS = NO;
				CLANG_ANALYZER_NONNULL = YES;
				CLANG_ANALYZER_NUMBER_OBJECT_CONVERSION = YES_AGGRESSIVE;
				CLANG_CXX_LANGUAGE_STANDARD = "gnu++14";
				CLANG_CXX_LIBRARY = "libc++";
				CLANG_ENABLE_MODULES = YES;
				CLANG_ENABLE_OBJC_ARC = YES;
				CLANG_ENABLE_OBJC_WEAK = YES;
				CLANG_WARN_BLOCK_CAPTURE_AUTORELEASING = YES;
				CLANG_WARN_BOOL_CONVERSION = YES;
				CLANG_WARN_COMMA = YES;
				CLANG_WARN_CONSTANT_CONVERSION = YES;
				CLANG_WARN_DEPRECATED_OBJC_IMPLEMENTATIONS = YES;
				CLANG_WARN_DIRECT_OBJC_ISA_USAGE = YES_ERROR;
				CLANG_WARN_DOCUMENTATION_COMMENTS = YES;
				CLANG_WARN_EMPTY_BODY = YES;
				CLANG_WARN_ENUM_CONVERSION = YES;
				CLANG_WARN_INFINITE_RECURSION = YES;
				CLANG_WARN_INT_CONVERSION = YES;
				CLANG_WARN_NON_LITERAL_NULL_CONVERSION = YES;
				CLANG_WARN_OBJC_IMPLICIT_RETAIN_SELF = YES;
				CLANG_WARN_OBJC_LITERAL_CONVERSION = YES;
				CLANG_WARN_OBJC_ROOT_CLASS = YES_ERROR;
				CLANG_WARN_QUOTED_INCLUDE_IN_FRAMEWORK_HEADER = YES;
				CLANG_WARN_RANGE_LOOP_ANALYSIS = YES;
				CLANG_WARN_STRICT_PROTOTYPES = YES;
				CLANG_WARN_SUSPICIOUS_MOVE = YES;
				CLANG_WARN_UNGUARDED_AVAILABILITY = YES_AGGRESSIVE;
				CLANG_WARN_UNREACHABLE_CODE = YES;
				CLANG_WARN__DUPLICATE_METHOD_MATCH = YES;
				COPY_PHASE_STRIP = NO;
				DEBUG_INFORMATION_FORMAT = "dwarf-with-dsym";
				ENABLE_NS_ASSERTIONS = NO;
				ENABLE_STRICT_OBJC_MSGSEND = YES;
				GCC_C_LANGUAGE_STANDARD = gnu11;
				GCC_NO_COMMON_BLOCKS = YES;
				GCC_WARN_64_TO_32_BIT_CONVERSION = YES;
				GCC_WARN_ABOUT_RETURN_TYPE = YES_ERROR;
				GCC_WARN_UNDECLARED_SELECTOR = YES;
				GCC_WARN_UNINITIALIZED_AUTOS = YES_AGGRESSIVE;
				GCC_WARN_UNUSED_FUNCTION = YES;
				GCC_WARN_UNUSED_VARIABLE = YES;
				IPHONEOS_DEPLOYMENT_TARGET = 14.1;
				MTL_ENABLE_DEBUG_INFO = NO;
				MTL_FAST_MATH = YES;
				SDKROOT = iphoneos;
				SWIFT_COMPILATION_MODE = wholemodule;
				SWIFT_OPTIMIZATION_LEVEL = "-O";
				VALIDATE_PRODUCT = YES;
			};
			name = Release;
		};
		84BE10A8255DA42100D87D59 /* Debug */ = {
			isa = XCBuildConfiguration;
			buildSettings = {
				ASSETCATALOG_COMPILER_APPICON_NAME = AppIcon;
				ASSETCATALOG_COMPILER_GLOBAL_ACCENT_COLOR_NAME = AccentColor;
				CODE_SIGN_STYLE = Automatic;
				INFOPLIST_FILE = FetchExercise/Info.plist;
				LD_RUNPATH_SEARCH_PATHS = (
					"$(inherited)",
					"@executable_path/Frameworks",
				);
				PRODUCT_BUNDLE_IDENTIFIER = com.example.FetchExercise;
				PRODUCT_NAME = "$(TARGET_NAME)";
				SWIFT_VERSION = 5.0;
				TARGETED_DEVICE_FAMILY = "1,2";
			};
			name = Debug;
		};
		84BE10A9255DA42100D87D59 /* Release */ = {
			isa = XCBuildConfiguration;
			buildSettings = {
				ASSETCATALOG_COMPILER_APPICON_NAME = AppIcon;
				ASSETCATALOG_COMPILER_GLOBAL_ACCENT_COLOR_NAME = AccentColor;
				CODE_SIGN_STYLE = Automatic;
				INFOPLIST_FILE = FetchExercise/Info.plist;
				LD_RUNPATH_SEARCH_PATHS = (
					"$(inherited)",
					"@executable_path/Frameworks",
				);
				PRODUCT_BUNDLE_IDENTIFIER = com.example.FetchExercise;
				PRODUCT_NAME = "$(TARGET_NAME)";
				SWIFT_VERSION = 5.0;
				TARGETED_DEVICE_FAMILY = "1,2";
			};
			name = Release;
		};
		84BE10AB255DA42100D87D59 /* Debug */ = {
			isa = XCBuildConfiguration;
			buildSettings = {
				ALWAYS_EMBED_SWIFT_STANDARD_LIBRARIES = YES;
				BUNDLE_LOADER = "$(TEST_HOST)";
				CODE_SIGN_STYLE = Automatic;
				INFOPLIST_FILE = FetchExerciseTests/Info.plist;
				IPHONEOS_DEPLOYMENT_TARGET = 14.1;
				LD_RUNPATH_SEARCH_PATHS = (
					"$(inherited)",
					"@executable_path/Frameworks",
					"@loader_path/Frameworks",
				);
				PRODUCT_BUNDLE_IDENTIFIER = com.example.FetchExerciseTests;
				PRODUCT_NAME = "$(TARGET_NAME)";
				SWIFT_VERSION = 5.0;
				TARGETED_DEVICE_FAMILY = "1,2";
				TEST_HOST = "$(BUILT_PRODUCTS_DIR)/FetchExercise.app/FetchExercise";
			};
			name = Debug;
		};
		84BE10AC255DA42100D87D59 /* Release */ = {
			isa = XCBuildConfiguration;
			buildSettings = {
				ALWAYS_EMBED_SWIFT_STANDARD_LIBRARIES = YES;
				BUNDLE_LOADER = "$(TEST_HOST)";
				CODE_SIGN_STYLE = Automatic;
				INFOPLIST_FILE = FetchExerciseTests/Info.plist;
				IPHONEOS_DEPLOYMENT_TARGET = 14.1;
				LD_RUNPATH_SEARCH_PATHS = (
					"$(inherited)",
					"@executable_path/Frameworks",
					"@loader_path/Frameworks",
				);
				PRODUCT_BUNDLE_IDENTIFIER = com.example.FetchExerciseTests;
				PRODUCT_NAME = "$(TARGET_NAME)";
				SWIFT_VERSION = 5.0;
				TARGETED_DEVICE_FAMILY = "1,2";
				TEST_HOST = "$(BUILT_PRODUCTS_DIR)/FetchExercise.app/FetchExercise";
			};
			name = Release;
		};
		84BE10AE255DA42100D87D59 /* Debug */ = {
			isa = XCBuildConfiguration;
			buildSettings = {
				ALWAYS_EMBED_SWIFT_STANDARD_LIBRARIES = YES;
				CODE_SIGN_STYLE = Automatic;
				INFOPLIST_FILE = FetchExerciseUITests/Info.plist;
				LD_RUNPATH_SEARCH_PATHS = (
					"$(inherited)",
					"@executable_path/Frameworks",
					"@loader_path/Frameworks",
				);
				PRODUCT_BUNDLE_IDENTIFIER = com.example.FetchExerciseUITests;
				PRODUCT_NAME = "$(TARGET_NAME)";
				SWIFT_VERSION = 5.0;
				TARGETED_DEVICE_FAMILY = "1,2";
				TEST_TARGET_NAME = FetchExercise;
			};
			name = Debug;
		};
		84BE10AF255DA42100D87D59 /* Release */ = {
			isa = XCBuildConfiguration;
			buildSettings = {
				ALWAYS_EMBED_SWIFT_STANDARD_LIBRARIES = YES;
				CODE_SIGN_STYLE = Automatic;
				INFOPLIST_FILE = FetchExerciseUITests/Info.plist;
				LD_RUNPATH_SEARCH_PATHS = (
					"$(inherited)",
					"@executable_path/Frameworks",
					"@loader_path/Frameworks",
				);
				PRODUCT_BUNDLE_IDENTIFIER = com.example.FetchExerciseUITests;
				PRODUCT_NAME = "$(TARGET_NAME)";
				SWIFT_VERSION = 5.0;
				TARGETED_DEVICE_FAMILY = "1,2";
				TEST_TARGET_NAME = FetchExercise;
			};
			name = Release;
		};
/* End XCBuildConfiguration section */

/* Begin XCConfigurationList section */
		84BE1078255DA41800D87D59 /* Build configuration list for PBXProject "FetchExercise" */ = {
			isa = XCConfigurationList;
			buildConfigurations = (
				84BE10A5255DA42100D87D59 /* Debug */,
				84BE10A6255DA42100D87D59 /* Release */,
			);
			defaultConfigurationIsVisible = 0;
			defaultConfigurationName = Release;
		};
		84BE10A7255DA42100D87D59 /* Build configuration list for PBXNativeTarget "FetchExercise" */ = {
			isa = XCConfigurationList;
			buildConfigurations = (
				84BE10A8255DA42100D87D59 /* Debug */,
				84BE10A9255DA42100D87D59 /* Release */,
			);
			defaultConfigurationIsVisible = 0;
			defaultConfigurationName = Release;
		};
		84BE10AA255DA42100D87D59 /* Build configuration list for PBXNativeTarget "FetchExerciseTests" */ = {
			isa = XCConfigurationList;
			buildConfigurations = (
				84BE10AB255DA42100D87D59 /* Debug */,
				84BE10AC255DA42100D87D59 /* Release */,
			);
			defaultConfigurationIsVisible = 0;
			defaultConfigurationName = Release;
		};
		84BE10AD255DA42100D87D59 /* Build configuration list for PBXNativeTarget "FetchExerciseUITests" */ = {
			isa = XCConfigurationList;
			buildConfigurations = (
				84BE10AE255DA42100D87D59 /* Debug */,
				84BE10AF255DA42100D87D59 /* Release */,
			);
			defaultConfigurationIsVisible = 0;
			defaultConfigurationName = Release;
		};
/* End XCConfigurationList section */
	};
	rootObject = 84BE1075255DA41800D87D59 /* Project object */;
}
